// !$*UTF8*$!
{
	archiveVersion = 1;
	classes = {
	};
	objectVersion = 51;
	objects = {

/* Begin PBXBuildFile section */
		28AD43AB2706C61F00F372C3 /* AppDelegate.swift in Sources */ = {isa = PBXBuildFile; fileRef = 28AD43AA2706C61F00F372C3 /* AppDelegate.swift */; };
		28AD43AD2706C61F00F372C3 /* SceneDelegate.swift in Sources */ = {isa = PBXBuildFile; fileRef = 28AD43AC2706C61F00F372C3 /* SceneDelegate.swift */; };
		28AD43AF2706C61F00F372C3 /* ViewController.swift in Sources */ = {isa = PBXBuildFile; fileRef = 28AD43AE2706C61F00F372C3 /* ViewController.swift */; };
		28AD43B22706C61F00F372C3 /* Main.storyboard in Resources */ = {isa = PBXBuildFile; fileRef = 28AD43B02706C61F00F372C3 /* Main.storyboard */; };
		28AD43B52706C61F00F372C3 /* Google_Map.xcdatamodeld in Sources */ = {isa = PBXBuildFile; fileRef = 28AD43B32706C61F00F372C3 /* Google_Map.xcdatamodeld */; };
		28AD43B72706C62700F372C3 /* Assets.xcassets in Resources */ = {isa = PBXBuildFile; fileRef = 28AD43B62706C62700F372C3 /* Assets.xcassets */; };
		28AD43BA2706C62700F372C3 /* LaunchScreen.storyboard in Resources */ = {isa = PBXBuildFile; fileRef = 28AD43B82706C62700F372C3 /* LaunchScreen.storyboard */; };
		28AD43C52706C62700F372C3 /* Google_MapTests.swift in Sources */ = {isa = PBXBuildFile; fileRef = 28AD43C42706C62700F372C3 /* Google_MapTests.swift */; };
		28AD43D02706C62700F372C3 /* Google_MapUITests.swift in Sources */ = {isa = PBXBuildFile; fileRef = 28AD43CF2706C62700F372C3 /* Google_MapUITests.swift */; };
		2B7D347BF526343C849DEC1D /* Pods_Google_Map_Google_MapUITests.framework in Frameworks */ = {isa = PBXBuildFile; fileRef = 0EE96FBD6D9A74DCE79E55BD /* Pods_Google_Map_Google_MapUITests.framework */; };
		328268BAC5045B4DAB7E88C6 /* Pods_Google_Map.framework in Frameworks */ = {isa = PBXBuildFile; fileRef = 6E81BFF0B8C800AF20ED6263 /* Pods_Google_Map.framework */; };
		F5C6C70EC6D4D56FDF0BAF4F /* Pods_Google_MapTests.framework in Frameworks */ = {isa = PBXBuildFile; fileRef = 4260A28DF5AFC7DC711CD875 /* Pods_Google_MapTests.framework */; };
/* End PBXBuildFile section */

/* Begin PBXContainerItemProxy section */
		28AD43C12706C62700F372C3 /* PBXContainerItemProxy */ = {
			isa = PBXContainerItemProxy;
			containerPortal = 28AD439F2706C61F00F372C3 /* Project object */;
			proxyType = 1;
			remoteGlobalIDString = 28AD43A62706C61F00F372C3;
			remoteInfo = "Google Map";
		};
		28AD43CC2706C62700F372C3 /* PBXContainerItemProxy */ = {
			isa = PBXContainerItemProxy;
			containerPortal = 28AD439F2706C61F00F372C3 /* Project object */;
			proxyType = 1;
			remoteGlobalIDString = 28AD43A62706C61F00F372C3;
			remoteInfo = "Google Map";
		};
/* End PBXContainerItemProxy section */

/* Begin PBXFileReference section */
		0EE96FBD6D9A74DCE79E55BD /* Pods_Google_Map_Google_MapUITests.framework */ = {isa = PBXFileReference; explicitFileType = wrapper.framework; includeInIndex = 0; path = Pods_Google_Map_Google_MapUITests.framework; sourceTree = BUILT_PRODUCTS_DIR; };
		1261A7DFF14351BD5031D52C /* Pods-Google Map-Google MapUITests.release.xcconfig */ = {isa = PBXFileReference; includeInIndex = 1; lastKnownFileType = text.xcconfig; name = "Pods-Google Map-Google MapUITests.release.xcconfig"; path = "Target Support Files/Pods-Google Map-Google MapUITests/Pods-Google Map-Google MapUITests.release.xcconfig"; sourceTree = "<group>"; };
		158B7B028BB95137FF225E43 /* Pods-Google Map.debug.xcconfig */ = {isa = PBXFileReference; includeInIndex = 1; lastKnownFileType = text.xcconfig; name = "Pods-Google Map.debug.xcconfig"; path = "Target Support Files/Pods-Google Map/Pods-Google Map.debug.xcconfig"; sourceTree = "<group>"; };
		1BDC9C75425D8A314D273D1F /* Pods-Google Map-Google MapUITests.debug.xcconfig */ = {isa = PBXFileReference; includeInIndex = 1; lastKnownFileType = text.xcconfig; name = "Pods-Google Map-Google MapUITests.debug.xcconfig"; path = "Target Support Files/Pods-Google Map-Google MapUITests/Pods-Google Map-Google MapUITests.debug.xcconfig"; sourceTree = "<group>"; };
		28AD43A72706C61F00F372C3 /* Google Map.app */ = {isa = PBXFileReference; explicitFileType = wrapper.application; includeInIndex = 0; path = "Google Map.app"; sourceTree = BUILT_PRODUCTS_DIR; };
		28AD43AA2706C61F00F372C3 /* AppDelegate.swift */ = {isa = PBXFileReference; lastKnownFileType = sourcecode.swift; path = AppDelegate.swift; sourceTree = "<group>"; };
		28AD43AC2706C61F00F372C3 /* SceneDelegate.swift */ = {isa = PBXFileReference; lastKnownFileType = sourcecode.swift; path = SceneDelegate.swift; sourceTree = "<group>"; };
		28AD43AE2706C61F00F372C3 /* ViewController.swift */ = {isa = PBXFileReference; lastKnownFileType = sourcecode.swift; path = ViewController.swift; sourceTree = "<group>"; };
		28AD43B12706C61F00F372C3 /* Base */ = {isa = PBXFileReference; lastKnownFileType = file.storyboard; name = Base; path = Base.lproj/Main.storyboard; sourceTree = "<group>"; };
		28AD43B42706C61F00F372C3 /* Google_Map.xcdatamodel */ = {isa = PBXFileReference; lastKnownFileType = wrapper.xcdatamodel; path = Google_Map.xcdatamodel; sourceTree = "<group>"; };
		28AD43B62706C62700F372C3 /* Assets.xcassets */ = {isa = PBXFileReference; lastKnownFileType = folder.assetcatalog; path = Assets.xcassets; sourceTree = "<group>"; };
		28AD43B92706C62700F372C3 /* Base */ = {isa = PBXFileReference; lastKnownFileType = file.storyboard; name = Base; path = Base.lproj/LaunchScreen.storyboard; sourceTree = "<group>"; };
		28AD43BB2706C62700F372C3 /* Info.plist */ = {isa = PBXFileReference; lastKnownFileType = text.plist.xml; path = Info.plist; sourceTree = "<group>"; };
		28AD43C02706C62700F372C3 /* Google MapTests.xctest */ = {isa = PBXFileReference; explicitFileType = wrapper.cfbundle; includeInIndex = 0; path = "Google MapTests.xctest"; sourceTree = BUILT_PRODUCTS_DIR; };
		28AD43C42706C62700F372C3 /* Google_MapTests.swift */ = {isa = PBXFileReference; lastKnownFileType = sourcecode.swift; path = Google_MapTests.swift; sourceTree = "<group>"; };
		28AD43C62706C62700F372C3 /* Info.plist */ = {isa = PBXFileReference; lastKnownFileType = text.plist.xml; path = Info.plist; sourceTree = "<group>"; };
		28AD43CB2706C62700F372C3 /* Google MapUITests.xctest */ = {isa = PBXFileReference; explicitFileType = wrapper.cfbundle; includeInIndex = 0; path = "Google MapUITests.xctest"; sourceTree = BUILT_PRODUCTS_DIR; };
		28AD43CF2706C62700F372C3 /* Google_MapUITests.swift */ = {isa = PBXFileReference; lastKnownFileType = sourcecode.swift; path = Google_MapUITests.swift; sourceTree = "<group>"; };
		28AD43D12706C62700F372C3 /* Info.plist */ = {isa = PBXFileReference; lastKnownFileType = text.plist.xml; path = Info.plist; sourceTree = "<group>"; };
		4260A28DF5AFC7DC711CD875 /* Pods_Google_MapTests.framework */ = {isa = PBXFileReference; explicitFileType = wrapper.framework; includeInIndex = 0; path = Pods_Google_MapTests.framework; sourceTree = BUILT_PRODUCTS_DIR; };
		6E81BFF0B8C800AF20ED6263 /* Pods_Google_Map.framework */ = {isa = PBXFileReference; explicitFileType = wrapper.framework; includeInIndex = 0; path = Pods_Google_Map.framework; sourceTree = BUILT_PRODUCTS_DIR; };
		7F340B10A12909B35E868E30 /* Pods-Google MapTests.debug.xcconfig */ = {isa = PBXFileReference; includeInIndex = 1; lastKnownFileType = text.xcconfig; name = "Pods-Google MapTests.debug.xcconfig"; path = "Target Support Files/Pods-Google MapTests/Pods-Google MapTests.debug.xcconfig"; sourceTree = "<group>"; };
		C50AE9EAC26D424A33188907 /* Pods-Google Map.release.xcconfig */ = {isa = PBXFileReference; includeInIndex = 1; lastKnownFileType = text.xcconfig; name = "Pods-Google Map.release.xcconfig"; path = "Target Support Files/Pods-Google Map/Pods-Google Map.release.xcconfig"; sourceTree = "<group>"; };
		EDC1DB5C3D05721ADEC7B9E6 /* Pods-Google MapTests.release.xcconfig */ = {isa = PBXFileReference; includeInIndex = 1; lastKnownFileType = text.xcconfig; name = "Pods-Google MapTests.release.xcconfig"; path = "Target Support Files/Pods-Google MapTests/Pods-Google MapTests.release.xcconfig"; sourceTree = "<group>"; };
/* End PBXFileReference section */

/* Begin PBXFrameworksBuildPhase section */
		28AD43A42706C61F00F372C3 /* Frameworks */ = {
			isa = PBXFrameworksBuildPhase;
			buildActionMask = 2147483647;
			files = (
				328268BAC5045B4DAB7E88C6 /* Pods_Google_Map.framework in Frameworks */,
			);
			runOnlyForDeploymentPostprocessing = 0;
		};
		28AD43BD2706C62700F372C3 /* Frameworks */ = {
			isa = PBXFrameworksBuildPhase;
			buildActionMask = 2147483647;
			files = (
				F5C6C70EC6D4D56FDF0BAF4F /* Pods_Google_MapTests.framework in Frameworks */,
			);
			runOnlyForDeploymentPostprocessing = 0;
		};
		28AD43C82706C62700F372C3 /* Frameworks */ = {
			isa = PBXFrameworksBuildPhase;
			buildActionMask = 2147483647;
			files = (
				2B7D347BF526343C849DEC1D /* Pods_Google_Map_Google_MapUITests.framework in Frameworks */,
			);
			runOnlyForDeploymentPostprocessing = 0;
		};
/* End PBXFrameworksBuildPhase section */

/* Begin PBXGroup section */
		28AD439E2706C61F00F372C3 = {
			isa = PBXGroup;
			children = (
				28AD43A92706C61F00F372C3 /* Google Map */,
				28AD43C32706C62700F372C3 /* Google MapTests */,
				28AD43CE2706C62700F372C3 /* Google MapUITests */,
				28AD43A82706C61F00F372C3 /* Products */,
				57E508CDA127D1D1A327C425 /* Pods */,
				C9CB9753203C5BE765F23C40 /* Frameworks */,
			);
			sourceTree = "<group>";
		};
		28AD43A82706C61F00F372C3 /* Products */ = {
			isa = PBXGroup;
			children = (
				28AD43A72706C61F00F372C3 /* Google Map.app */,
				28AD43C02706C62700F372C3 /* Google MapTests.xctest */,
				28AD43CB2706C62700F372C3 /* Google MapUITests.xctest */,
			);
			name = Products;
			sourceTree = "<group>";
		};
		28AD43A92706C61F00F372C3 /* Google Map */ = {
			isa = PBXGroup;
			children = (
				28AD43AA2706C61F00F372C3 /* AppDelegate.swift */,
				28AD43AC2706C61F00F372C3 /* SceneDelegate.swift */,
				28AD43AE2706C61F00F372C3 /* ViewController.swift */,
				28AD43B02706C61F00F372C3 /* Main.storyboard */,
				28AD43B62706C62700F372C3 /* Assets.xcassets */,
				28AD43B82706C62700F372C3 /* LaunchScreen.storyboard */,
				28AD43BB2706C62700F372C3 /* Info.plist */,
				28AD43B32706C61F00F372C3 /* Google_Map.xcdatamodeld */,
			);
			path = "Google Map";
			sourceTree = "<group>";
		};
		28AD43C32706C62700F372C3 /* Google MapTests */ = {
			isa = PBXGroup;
			children = (
				28AD43C42706C62700F372C3 /* Google_MapTests.swift */,
				28AD43C62706C62700F372C3 /* Info.plist */,
			);
			path = "Google MapTests";
			sourceTree = "<group>";
		};
		28AD43CE2706C62700F372C3 /* Google MapUITests */ = {
			isa = PBXGroup;
			children = (
				28AD43CF2706C62700F372C3 /* Google_MapUITests.swift */,
				28AD43D12706C62700F372C3 /* Info.plist */,
			);
			path = "Google MapUITests";
			sourceTree = "<group>";
		};
		57E508CDA127D1D1A327C425 /* Pods */ = {
			isa = PBXGroup;
			children = (
				158B7B028BB95137FF225E43 /* Pods-Google Map.debug.xcconfig */,
				C50AE9EAC26D424A33188907 /* Pods-Google Map.release.xcconfig */,
				1BDC9C75425D8A314D273D1F /* Pods-Google Map-Google MapUITests.debug.xcconfig */,
				1261A7DFF14351BD5031D52C /* Pods-Google Map-Google MapUITests.release.xcconfig */,
				7F340B10A12909B35E868E30 /* Pods-Google MapTests.debug.xcconfig */,
				EDC1DB5C3D05721ADEC7B9E6 /* Pods-Google MapTests.release.xcconfig */,
			);
			path = Pods;
			sourceTree = "<group>";
		};
		C9CB9753203C5BE765F23C40 /* Frameworks */ = {
			isa = PBXGroup;
			children = (
				6E81BFF0B8C800AF20ED6263 /* Pods_Google_Map.framework */,
				0EE96FBD6D9A74DCE79E55BD /* Pods_Google_Map_Google_MapUITests.framework */,
				4260A28DF5AFC7DC711CD875 /* Pods_Google_MapTests.framework */,
			);
			name = Frameworks;
			sourceTree = "<group>";
		};
/* End PBXGroup section */

/* Begin PBXNativeTarget section */
		28AD43A62706C61F00F372C3 /* Google Map */ = {
			isa = PBXNativeTarget;
			buildConfigurationList = 28AD43D42706C62700F372C3 /* Build configuration list for PBXNativeTarget "Google Map" */;
			buildPhases = (
				73BB8491420005DA03D3BF63 /* [CP] Check Pods Manifest.lock */,
				28AD43A32706C61F00F372C3 /* Sources */,
				28AD43A42706C61F00F372C3 /* Frameworks */,
				28AD43A52706C61F00F372C3 /* Resources */,
				CFD2F4C63FD8CD225D59803B /* [CP] Copy Pods Resources */,
			);
			buildRules = (
			);
			dependencies = (
			);
			name = "Google Map";
			productName = "Google Map";
			productReference = 28AD43A72706C61F00F372C3 /* Google Map.app */;
			productType = "com.apple.product-type.application";
		};
		28AD43BF2706C62700F372C3 /* Google MapTests */ = {
			isa = PBXNativeTarget;
			buildConfigurationList = 28AD43D72706C62700F372C3 /* Build configuration list for PBXNativeTarget "Google MapTests" */;
			buildPhases = (
				5FDD1FAC77FDCBF31680DBC5 /* [CP] Check Pods Manifest.lock */,
				28AD43BC2706C62700F372C3 /* Sources */,
				28AD43BD2706C62700F372C3 /* Frameworks */,
				28AD43BE2706C62700F372C3 /* Resources */,
			);
			buildRules = (
			);
			dependencies = (
				28AD43C22706C62700F372C3 /* PBXTargetDependency */,
			);
			name = "Google MapTests";
			productName = "Google MapTests";
			productReference = 28AD43C02706C62700F372C3 /* Google MapTests.xctest */;
			productType = "com.apple.product-type.bundle.unit-test";
		};
		28AD43CA2706C62700F372C3 /* Google MapUITests */ = {
			isa = PBXNativeTarget;
			buildConfigurationList = 28AD43DA2706C62700F372C3 /* Build configuration list for PBXNativeTarget "Google MapUITests" */;
			buildPhases = (
				642D226EEE9F4CECB9437C6C /* [CP] Check Pods Manifest.lock */,
				28AD43C72706C62700F372C3 /* Sources */,
				28AD43C82706C62700F372C3 /* Frameworks */,
				28AD43C92706C62700F372C3 /* Resources */,
				2CC551A2D9754214276A4C75 /* [CP] Copy Pods Resources */,
			);
			buildRules = (
			);
			dependencies = (
				28AD43CD2706C62700F372C3 /* PBXTargetDependency */,
			);
			name = "Google MapUITests";
			productName = "Google MapUITests";
			productReference = 28AD43CB2706C62700F372C3 /* Google MapUITests.xctest */;
			productType = "com.apple.product-type.bundle.ui-testing";
		};
/* End PBXNativeTarget section */

/* Begin PBXProject section */
		28AD439F2706C61F00F372C3 /* Project object */ = {
			isa = PBXProject;
			attributes = {
				LastSwiftUpdateCheck = 1230;
				LastUpgradeCheck = 1230;
				TargetAttributes = {
					28AD43A62706C61F00F372C3 = {
						CreatedOnToolsVersion = 12.3;
					};
					28AD43BF2706C62700F372C3 = {
						CreatedOnToolsVersion = 12.3;
						TestTargetID = 28AD43A62706C61F00F372C3;
					};
					28AD43CA2706C62700F372C3 = {
						CreatedOnToolsVersion = 12.3;
						TestTargetID = 28AD43A62706C61F00F372C3;
					};
				};
			};
			buildConfigurationList = 28AD43A22706C61F00F372C3 /* Build configuration list for PBXProject "Google Map" */;
			compatibilityVersion = "Xcode 9.3";
			developmentRegion = en;
			hasScannedForEncodings = 0;
			knownRegions = (
				en,
				Base,
			);
			mainGroup = 28AD439E2706C61F00F372C3;
			productRefGroup = 28AD43A82706C61F00F372C3 /* Products */;
			projectDirPath = "";
			projectRoot = "";
			targets = (
				28AD43A62706C61F00F372C3 /* Google Map */,
				28AD43BF2706C62700F372C3 /* Google MapTests */,
				28AD43CA2706C62700F372C3 /* Google MapUITests */,
			);
		};
/* End PBXProject section */

/* Begin PBXResourcesBuildPhase section */
		28AD43A52706C61F00F372C3 /* Resources */ = {
			isa = PBXResourcesBuildPhase;
			buildActionMask = 2147483647;
			files = (
				28AD43BA2706C62700F372C3 /* LaunchScreen.storyboard in Resources */,
				28AD43B72706C62700F372C3 /* Assets.xcassets in Resources */,
				28AD43B22706C61F00F372C3 /* Main.storyboard in Resources */,
			);
			runOnlyForDeploymentPostprocessing = 0;
		};
		28AD43BE2706C62700F372C3 /* Resources */ = {
			isa = PBXResourcesBuildPhase;
			buildActionMask = 2147483647;
			files = (
			);
			runOnlyForDeploymentPostprocessing = 0;
		};
		28AD43C92706C62700F372C3 /* Resources */ = {
			isa = PBXResourcesBuildPhase;
			buildActionMask = 2147483647;
			files = (
			);
			runOnlyForDeploymentPostprocessing = 0;
		};
/* End PBXResourcesBuildPhase section */

/* Begin PBXShellScriptBuildPhase section */
		2CC551A2D9754214276A4C75 /* [CP] Copy Pods Resources */ = {
			isa = PBXShellScriptBuildPhase;
			buildActionMask = 2147483647;
			files = (
			);
			inputFileListPaths = (
				"${PODS_ROOT}/Target Support Files/Pods-Google Map-Google MapUITests/Pods-Google Map-Google MapUITests-resources-${CONFIGURATION}-input-files.xcfilelist",
			);
			name = "[CP] Copy Pods Resources";
			outputFileListPaths = (
				"${PODS_ROOT}/Target Support Files/Pods-Google Map-Google MapUITests/Pods-Google Map-Google MapUITests-resources-${CONFIGURATION}-output-files.xcfilelist",
			);
			runOnlyForDeploymentPostprocessing = 0;
			shellPath = /bin/sh;
			shellScript = "\"${PODS_ROOT}/Target Support Files/Pods-Google Map-Google MapUITests/Pods-Google Map-Google MapUITests-resources.sh\"\n";
			showEnvVarsInLog = 0;
		};
		5FDD1FAC77FDCBF31680DBC5 /* [CP] Check Pods Manifest.lock */ = {
			isa = PBXShellScriptBuildPhase;
			buildActionMask = 2147483647;
			files = (
			);
			inputFileListPaths = (
			);
			inputPaths = (
				"${PODS_PODFILE_DIR_PATH}/Podfile.lock",
				"${PODS_ROOT}/Manifest.lock",
			);
			name = "[CP] Check Pods Manifest.lock";
			outputFileListPaths = (
			);
			outputPaths = (
				"$(DERIVED_FILE_DIR)/Pods-Google MapTests-checkManifestLockResult.txt",
			);
			runOnlyForDeploymentPostprocessing = 0;
			shellPath = /bin/sh;
			shellScript = "diff \"${PODS_PODFILE_DIR_PATH}/Podfile.lock\" \"${PODS_ROOT}/Manifest.lock\" > /dev/null\nif [ $? != 0 ] ; then\n    # print error to STDERR\n    echo \"error: The sandbox is not in sync with the Podfile.lock. Run 'pod install' or update your CocoaPods installation.\" >&2\n    exit 1\nfi\n# This output is used by Xcode 'outputs' to avoid re-running this script phase.\necho \"SUCCESS\" > \"${SCRIPT_OUTPUT_FILE_0}\"\n";
			showEnvVarsInLog = 0;
		};
		642D226EEE9F4CECB9437C6C /* [CP] Check Pods Manifest.lock */ = {
			isa = PBXShellScriptBuildPhase;
			buildActionMask = 2147483647;
			files = (
			);
			inputFileListPaths = (
			);
			inputPaths = (
				"${PODS_PODFILE_DIR_PATH}/Podfile.lock",
				"${PODS_ROOT}/Manifest.lock",
			);
			name = "[CP] Check Pods Manifest.lock";
			outputFileListPaths = (
			);
			outputPaths = (
				"$(DERIVED_FILE_DIR)/Pods-Google Map-Google MapUITests-checkManifestLockResult.txt",
			);
			runOnlyForDeploymentPostprocessing = 0;
			shellPath = /bin/sh;
			shellScript = "diff \"${PODS_PODFILE_DIR_PATH}/Podfile.lock\" \"${PODS_ROOT}/Manifest.lock\" > /dev/null\nif [ $? != 0 ] ; then\n    # print error to STDERR\n    echo \"error: The sandbox is not in sync with the Podfile.lock. Run 'pod install' or update your CocoaPods installation.\" >&2\n    exit 1\nfi\n# This output is used by Xcode 'outputs' to avoid re-running this script phase.\necho \"SUCCESS\" > \"${SCRIPT_OUTPUT_FILE_0}\"\n";
			showEnvVarsInLog = 0;
		};
		73BB8491420005DA03D3BF63 /* [CP] Check Pods Manifest.lock */ = {
			isa = PBXShellScriptBuildPhase;
			buildActionMask = 2147483647;
			files = (
			);
			inputFileListPaths = (
			);
			inputPaths = (
				"${PODS_PODFILE_DIR_PATH}/Podfile.lock",
				"${PODS_ROOT}/Manifest.lock",
			);
			name = "[CP] Check Pods Manifest.lock";
			outputFileListPaths = (
			);
			outputPaths = (
				"$(DERIVED_FILE_DIR)/Pods-Google Map-checkManifestLockResult.txt",
			);
			runOnlyForDeploymentPostprocessing = 0;
			shellPath = /bin/sh;
			shellScript = "diff \"${PODS_PODFILE_DIR_PATH}/Podfile.lock\" \"${PODS_ROOT}/Manifest.lock\" > /dev/null\nif [ $? != 0 ] ; then\n    # print error to STDERR\n    echo \"error: The sandbox is not in sync with the Podfile.lock. Run 'pod install' or update your CocoaPods installation.\" >&2\n    exit 1\nfi\n# This output is used by Xcode 'outputs' to avoid re-running this script phase.\necho \"SUCCESS\" > \"${SCRIPT_OUTPUT_FILE_0}\"\n";
			showEnvVarsInLog = 0;
		};
		CFD2F4C63FD8CD225D59803B /* [CP] Copy Pods Resources */ = {
			isa = PBXShellScriptBuildPhase;
			buildActionMask = 2147483647;
			files = (
			);
			inputFileListPaths = (
				"${PODS_ROOT}/Target Support Files/Pods-Google Map/Pods-Google Map-resources-${CONFIGURATION}-input-files.xcfilelist",
			);
			name = "[CP] Copy Pods Resources";
			outputFileListPaths = (
				"${PODS_ROOT}/Target Support Files/Pods-Google Map/Pods-Google Map-resources-${CONFIGURATION}-output-files.xcfilelist",
			);
			runOnlyForDeploymentPostprocessing = 0;
			shellPath = /bin/sh;
			shellScript = "\"${PODS_ROOT}/Target Support Files/Pods-Google Map/Pods-Google Map-resources.sh\"\n";
			showEnvVarsInLog = 0;
		};
/* End PBXShellScriptBuildPhase section */

/* Begin PBXSourcesBuildPhase section */
		28AD43A32706C61F00F372C3 /* Sources */ = {
			isa = PBXSourcesBuildPhase;
			buildActionMask = 2147483647;
			files = (
				28AD43AF2706C61F00F372C3 /* ViewController.swift in Sources */,
				28AD43B52706C61F00F372C3 /* Google_Map.xcdatamodeld in Sources */,
				28AD43AB2706C61F00F372C3 /* AppDelegate.swift in Sources */,
				28AD43AD2706C61F00F372C3 /* SceneDelegate.swift in Sources */,
			);
			runOnlyForDeploymentPostprocessing = 0;
		};
		28AD43BC2706C62700F372C3 /* Sources */ = {
			isa = PBXSourcesBuildPhase;
			buildActionMask = 2147483647;
			files = (
				28AD43C52706C62700F372C3 /* Google_MapTests.swift in Sources */,
			);
			runOnlyForDeploymentPostprocessing = 0;
		};
		28AD43C72706C62700F372C3 /* Sources */ = {
			isa = PBXSourcesBuildPhase;
			buildActionMask = 2147483647;
			files = (
				28AD43D02706C62700F372C3 /* Google_MapUITests.swift in Sources */,
			);
			runOnlyForDeploymentPostprocessing = 0;
		};
/* End PBXSourcesBuildPhase section */

/* Begin PBXTargetDependency section */
		28AD43C22706C62700F372C3 /* PBXTargetDependency */ = {
			isa = PBXTargetDependency;
			target = 28AD43A62706C61F00F372C3 /* Google Map */;
			targetProxy = 28AD43C12706C62700F372C3 /* PBXContainerItemProxy */;
		};
		28AD43CD2706C62700F372C3 /* PBXTargetDependency */ = {
			isa = PBXTargetDependency;
			target = 28AD43A62706C61F00F372C3 /* Google Map */;
			targetProxy = 28AD43CC2706C62700F372C3 /* PBXContainerItemProxy */;
		};
/* End PBXTargetDependency section */

/* Begin PBXVariantGroup section */
		28AD43B02706C61F00F372C3 /* Main.storyboard */ = {
			isa = PBXVariantGroup;
			children = (
				28AD43B12706C61F00F372C3 /* Base */,
			);
			name = Main.storyboard;
			sourceTree = "<group>";
		};
		28AD43B82706C62700F372C3 /* LaunchScreen.storyboard */ = {
			isa = PBXVariantGroup;
			children = (
				28AD43B92706C62700F372C3 /* Base */,
			);
			name = LaunchScreen.storyboard;
			sourceTree = "<group>";
		};
/* End PBXVariantGroup section */

/* Begin XCBuildConfiguration section */
		28AD43D22706C62700F372C3 /* Debug */ = {
			isa = XCBuildConfiguration;
			buildSettings = {
				ALWAYS_SEARCH_USER_PATHS = NO;
				CLANG_ANALYZER_NONNULL = YES;
				CLANG_ANALYZER_NUMBER_OBJECT_CONVERSION = YES_AGGRESSIVE;
				CLANG_CXX_LANGUAGE_STANDARD = "gnu++14";
				CLANG_CXX_LIBRARY = "libc++";
				CLANG_ENABLE_MODULES = YES;
				CLANG_ENABLE_OBJC_ARC = YES;
				CLANG_ENABLE_OBJC_WEAK = YES;
				CLANG_WARN_BLOCK_CAPTURE_AUTORELEASING = YES;
				CLANG_WARN_BOOL_CONVERSION = YES;
				CLANG_WARN_COMMA = YES;
				CLANG_WARN_CONSTANT_CONVERSION = YES;
				CLANG_WARN_DEPRECATED_OBJC_IMPLEMENTATIONS = YES;
				CLANG_WARN_DIRECT_OBJC_ISA_USAGE = YES_ERROR;
				CLANG_WARN_DOCUMENTATION_COMMENTS = YES;
				CLANG_WARN_EMPTY_BODY = YES;
				CLANG_WARN_ENUM_CONVERSION = YES;
				CLANG_WARN_INFINITE_RECURSION = YES;
				CLANG_WARN_INT_CONVERSION = YES;
				CLANG_WARN_NON_LITERAL_NULL_CONVERSION = YES;
				CLANG_WARN_OBJC_IMPLICIT_RETAIN_SELF = YES;
				CLANG_WARN_OBJC_LITERAL_CONVERSION = YES;
				CLANG_WARN_OBJC_ROOT_CLASS = YES_ERROR;
				CLANG_WARN_QUOTED_INCLUDE_IN_FRAMEWORK_HEADER = YES;
				CLANG_WARN_RANGE_LOOP_ANALYSIS = YES;
				CLANG_WARN_STRICT_PROTOTYPES = YES;
				CLANG_WARN_SUSPICIOUS_MOVE = YES;
				CLANG_WARN_UNGUARDED_AVAILABILITY = YES_AGGRESSIVE;
				CLANG_WARN_UNREACHABLE_CODE = YES;
				CLANG_WARN__DUPLICATE_METHOD_MATCH = YES;
				COPY_PHASE_STRIP = NO;
				DEBUG_INFORMATION_FORMAT = dwarf;
				ENABLE_STRICT_OBJC_MSGSEND = YES;
				ENABLE_TESTABILITY = YES;
				GCC_C_LANGUAGE_STANDARD = gnu11;
				GCC_DYNAMIC_NO_PIC = NO;
				GCC_NO_COMMON_BLOCKS = YES;
				GCC_OPTIMIZATION_LEVEL = 0;
				GCC_PREPROCESSOR_DEFINITIONS = (
					"DEBUG=1",
					"$(inherited)",
				);
				GCC_WARN_64_TO_32_BIT_CONVERSION = YES;
				GCC_WARN_ABOUT_RETURN_TYPE = YES_ERROR;
				GCC_WARN_UNDECLARED_SELECTOR = YES;
				GCC_WARN_UNINITIALIZED_AUTOS = YES_AGGRESSIVE;
				GCC_WARN_UNUSED_FUNCTION = YES;
				GCC_WARN_UNUSED_VARIABLE = YES;
				IPHONEOS_DEPLOYMENT_TARGET = 14.3;
				MTL_ENABLE_DEBUG_INFO = INCLUDE_SOURCE;
				MTL_FAST_MATH = YES;
				ONLY_ACTIVE_ARCH = YES;
				SDKROOT = iphoneos;
				SWIFT_ACTIVE_COMPILATION_CONDITIONS = DEBUG;
				SWIFT_OPTIMIZATION_LEVEL = "-Onone";
			};
			name = Debug;
		};
		28AD43D32706C62700F372C3 /* Release */ = {
			isa = XCBuildConfiguration;
			buildSettings = {
				ALWAYS_SEARCH_USER_PATHS = NO;
				CLANG_ANALYZER_NONNULL = YES;
				CLANG_ANALYZER_NUMBER_OBJECT_CONVERSION = YES_AGGRESSIVE;
				CLANG_CXX_LANGUAGE_STANDARD = "gnu++14";
				CLANG_CXX_LIBRARY = "libc++";
				CLANG_ENABLE_MODULES = YES;
				CLANG_ENABLE_OBJC_ARC = YES;
				CLANG_ENABLE_OBJC_WEAK = YES;
				CLANG_WARN_BLOCK_CAPTURE_AUTORELEASING = YES;
				CLANG_WARN_BOOL_CONVERSION = YES;
				CLANG_WARN_COMMA = YES;
				CLANG_WARN_CONSTANT_CONVERSION = YES;
				CLANG_WARN_DEPRECATED_OBJC_IMPLEMENTATIONS = YES;
				CLANG_WARN_DIRECT_OBJC_ISA_USAGE = YES_ERROR;
				CLANG_WARN_DOCUMENTATION_COMMENTS = YES;
				CLANG_WARN_EMPTY_BODY = YES;
				CLANG_WARN_ENUM_CONVERSION = YES;
				CLANG_WARN_INFINITE_RECURSION = YES;
				CLANG_WARN_INT_CONVERSION = YES;
				CLANG_WARN_NON_LITERAL_NULL_CONVERSION = YES;
				CLANG_WARN_OBJC_IMPLICIT_RETAIN_SELF = YES;
				CLANG_WARN_OBJC_LITERAL_CONVERSION = YES;
				CLANG_WARN_OBJC_ROOT_CLASS = YES_ERROR;
				CLANG_WARN_QUOTED_INCLUDE_IN_FRAMEWORK_HEADER = YES;
				CLANG_WARN_RANGE_LOOP_ANALYSIS = YES;
				CLANG_WARN_STRICT_PROTOTYPES = YES;
				CLANG_WARN_SUSPICIOUS_MOVE = YES;
				CLANG_WARN_UNGUARDED_AVAILABILITY = YES_AGGRESSIVE;
				CLANG_WARN_UNREACHABLE_CODE = YES;
				CLANG_WARN__DUPLICATE_METHOD_MATCH = YES;
				COPY_PHASE_STRIP = NO;
				DEBUG_INFORMATION_FORMAT = "dwarf-with-dsym";
				ENABLE_NS_ASSERTIONS = NO;
				ENABLE_STRICT_OBJC_MSGSEND = YES;
				GCC_C_LANGUAGE_STANDARD = gnu11;
				GCC_NO_COMMON_BLOCKS = YES;
				GCC_WARN_64_TO_32_BIT_CONVERSION = YES;
				GCC_WARN_ABOUT_RETURN_TYPE = YES_ERROR;
				GCC_WARN_UNDECLARED_SELECTOR = YES;
				GCC_WARN_UNINITIALIZED_AUTOS = YES_AGGRESSIVE;
				GCC_WARN_UNUSED_FUNCTION = YES;
				GCC_WARN_UNUSED_VARIABLE = YES;
				IPHONEOS_DEPLOYMENT_TARGET = 14.3;
				MTL_ENABLE_DEBUG_INFO = NO;
				MTL_FAST_MATH = YES;
				SDKROOT = iphoneos;
				SWIFT_COMPILATION_MODE = wholemodule;
				SWIFT_OPTIMIZATION_LEVEL = "-O";
				VALIDATE_PRODUCT = YES;
			};
			name = Release;
		};
		28AD43D52706C62700F372C3 /* Debug */ = {
			isa = XCBuildConfiguration;
			baseConfigurationReference = 158B7B028BB95137FF225E43 /* Pods-Google Map.debug.xcconfig */;
			buildSettings = {
				ASSETCATALOG_COMPILER_APPICON_NAME = AppIcon;
				ASSETCATALOG_COMPILER_GLOBAL_ACCENT_COLOR_NAME = AccentColor;
				CODE_SIGN_STYLE = Automatic;
				INFOPLIST_FILE = "Google Map/Info.plist";
				LD_RUNPATH_SEARCH_PATHS = (
					"$(inherited)",
					"@executable_path/Frameworks",
				);
				PRODUCT_BUNDLE_IDENTIFIER = com.App.GoogleMap;
				PRODUCT_NAME = "$(TARGET_NAME)";
				SWIFT_VERSION = 5.0;
				TARGETED_DEVICE_FAMILY = "1,2";
			};
			name = Debug;
		};
		28AD43D62706C62700F372C3 /* Release */ = {
			isa = XCBuildConfiguration;
			baseConfigurationReference = C50AE9EAC26D424A33188907 /* Pods-Google Map.release.xcconfig */;
			buildSettings = {
				ASSETCATALOG_COMPILER_APPICON_NAME = AppIcon;
				ASSETCATALOG_COMPILER_GLOBAL_ACCENT_COLOR_NAME = AccentColor;
				CODE_SIGN_STYLE = Automatic;
				INFOPLIST_FILE = "Google Map/Info.plist";
				LD_RUNPATH_SEARCH_PATHS = (
					"$(inherited)",
					"@executable_path/Frameworks",
				);
				PRODUCT_BUNDLE_IDENTIFIER = com.App.GoogleMap;
				PRODUCT_NAME = "$(TARGET_NAME)";
				SWIFT_VERSION = 5.0;
				TARGETED_DEVICE_FAMILY = "1,2";
			};
			name = Release;
		};
		28AD43D82706C62700F372C3 /* Debug */ = {
			isa = XCBuildConfiguration;
			baseConfigurationReference = 7F340B10A12909B35E868E30 /* Pods-Google MapTests.debug.xcconfig */;
			buildSettings = {
				ALWAYS_EMBED_SWIFT_STANDARD_LIBRARIES = YES;
				BUNDLE_LOADER = "$(TEST_HOST)";
				CODE_SIGN_STYLE = Automatic;
				INFOPLIST_FILE = "Google MapTests/Info.plist";
				IPHONEOS_DEPLOYMENT_TARGET = 14.3;
				LD_RUNPATH_SEARCH_PATHS = (
					"$(inherited)",
					"@executable_path/Frameworks",
					"@loader_path/Frameworks",
				);
				PRODUCT_BUNDLE_IDENTIFIER = "com.App.Google-MapTests";
				PRODUCT_NAME = "$(TARGET_NAME)";
				SWIFT_VERSION = 5.0;
				TARGETED_DEVICE_FAMILY = "1,2";
				TEST_HOST = "$(BUILT_PRODUCTS_DIR)/Google Map.app/Google Map";
			};
			name = Debug;
		};
		28AD43D92706C62700F372C3 /* Release */ = {
			isa = XCBuildConfiguration;
			baseConfigurationReference = EDC1DB5C3D05721ADEC7B9E6 /* Pods-Google MapTests.release.xcconfig */;
			buildSettings = {
				ALWAYS_EMBED_SWIFT_STANDARD_LIBRARIES = YES;
				BUNDLE_LOADER = "$(TEST_HOST)";
				CODE_SIGN_STYLE = Automatic;
				INFOPLIST_FILE = "Google MapTests/Info.plist";
				IPHONEOS_DEPLOYMENT_TARGET = 14.3;
				LD_RUNPATH_SEARCH_PATHS = (
					"$(inherited)",
					"@executable_path/Frameworks",
					"@loader_path/Frameworks",
				);
				PRODUCT_BUNDLE_IDENTIFIER = "com.App.Google-MapTests";
				PRODUCT_NAME = "$(TARGET_NAME)";
				SWIFT_VERSION = 5.0;
				TARGETED_DEVICE_FAMILY = "1,2";
				TEST_HOST = "$(BUILT_PRODUCTS_DIR)/Google Map.app/Google Map";
			};
			name = Release;
		};
		28AD43DB2706C62700F372C3 /* Debug */ = {
			isa = XCBuildConfiguration;
			baseConfigurationReference = 1BDC9C75425D8A314D273D1F /* Pods-Google Map-Google MapUITests.debug.xcconfig */;
			buildSettings = {
				ALWAYS_EMBED_SWIFT_STANDARD_LIBRARIES = YES;
				CODE_SIGN_STYLE = Automatic;
				INFOPLIST_FILE = "Google MapUITests/Info.plist";
				LD_RUNPATH_SEARCH_PATHS = (
					"$(inherited)",
					"@executable_path/Frameworks",
					"@loader_path/Frameworks",
				);
				PRODUCT_BUNDLE_IDENTIFIER = "com.App.Google-MapUITests";
				PRODUCT_NAME = "$(TARGET_NAME)";
				SWIFT_VERSION = 5.0;
				TARGETED_DEVICE_FAMILY = "1,2";
				TEST_TARGET_NAME = "Google Map";
			};
			name = Debug;
		};
		28AD43DC2706C62700F372C3 /* Release */ = {
			isa = XCBuildConfiguration;
			baseConfigurationReference = 1261A7DFF14351BD5031D52C /* Pods-Google Map-Google MapUITests.release.xcconfig */;
			buildSettings = {
				ALWAYS_EMBED_SWIFT_STANDARD_LIBRARIES = YES;
				CODE_SIGN_STYLE = Automatic;
				INFOPLIST_FILE = "Google MapUITests/Info.plist";
				LD_RUNPATH_SEARCH_PATHS = (
					"$(inherited)",
					"@executable_path/Frameworks",
					"@loader_path/Frameworks",
				);
				PRODUCT_BUNDLE_IDENTIFIER = "com.App.Google-MapUITests";
				PRODUCT_NAME = "$(TARGET_NAME)";
				SWIFT_VERSION = 5.0;
				TARGETED_DEVICE_FAMILY = "1,2";
				TEST_TARGET_NAME = "Google Map";
			};
			name = Release;
		};
/* End XCBuildConfiguration section */

/* Begin XCConfigurationList section */
		28AD43A22706C61F00F372C3 /* Build configuration list for PBXProject "Google Map" */ = {
			isa = XCConfigurationList;
			buildConfigurations = (
				28AD43D22706C62700F372C3 /* Debug */,
				28AD43D32706C62700F372C3 /* Release */,
			);
			defaultConfigurationIsVisible = 0;
			defaultConfigurationName = Release;
		};
		28AD43D42706C62700F372C3 /* Build configuration list for PBXNativeTarget "Google Map" */ = {
			isa = XCConfigurationList;
			buildConfigurations = (
				28AD43D52706C62700F372C3 /* Debug */,
				28AD43D62706C62700F372C3 /* Release */,
			);
			defaultConfigurationIsVisible = 0;
			defaultConfigurationName = Release;
		};
		28AD43D72706C62700F372C3 /* Build configuration list for PBXNativeTarget "Google MapTests" */ = {
			isa = XCConfigurationList;
			buildConfigurations = (
				28AD43D82706C62700F372C3 /* Debug */,
				28AD43D92706C62700F372C3 /* Release */,
			);
			defaultConfigurationIsVisible = 0;
			defaultConfigurationName = Release;
		};
		28AD43DA2706C62700F372C3 /* Build configuration list for PBXNativeTarget "Google MapUITests" */ = {
			isa = XCConfigurationList;
			buildConfigurations = (
				28AD43DB2706C62700F372C3 /* Debug */,
				28AD43DC2706C62700F372C3 /* Release */,
			);
			defaultConfigurationIsVisible = 0;
			defaultConfigurationName = Release;
		};
/* End XCConfigurationList section */

/* Begin XCVersionGroup section */
		28AD43B32706C61F00F372C3 /* Google_Map.xcdatamodeld */ = {
			isa = XCVersionGroup;
			children = (
				28AD43B42706C61F00F372C3 /* Google_Map.xcdatamodel */,
			);
			currentVersion = 28AD43B42706C61F00F372C3 /* Google_Map.xcdatamodel */;
			path = Google_Map.xcdatamodeld;
			sourceTree = "<group>";
			versionGroupType = wrapper.xcdatamodel;
		};
/* End XCVersionGroup section */
	};
	rootObject = 28AD439F2706C61F00F372C3 /* Project object */;
}
